
Microsoft Visual Studio Solution File, Format Version 12.00
# Visual Studio Version 17
VisualStudioVersion = 17.2.32616.157
MinimumVisualStudioVersion = 10.0.40219.1
Project("{2150E333-8FDC-42A3-9474-1A3956D46DE8}") = "NetFramework", "NetFramework", "{C79D40BF-7E37-453A-8828-02ABA73155EF}"
EndProject
Project("{FAE04EC0-301F-11D3-BF4B-00C04F79EFBC}") = "SI.Command.Core", "NetFramework\SI.Command.Core\SI.Command.Core.csproj", "{CD63CF39-40A9-493E-86A3-A07BA7F72373}"
EndProject
Project("{FAE04EC0-301F-11D3-BF4B-00C04F79EFBC}") = "SI.CommandBus", "NetFramework\SI.CommandBus\SI.CommandBus.csproj", "{0914CDF6-A20E-48B6-9807-04A38D3D6CD1}"
EndProject
Project("{FAE04EC0-301F-11D3-BF4B-00C04F79EFBC}") = "SI.CommandBus.Core", "NetFramework\SI.CommandBus.Core\SI.CommandBus.Core.csproj", "{981B8737-B77F-4629-951C-B2ADDBC4FC22}"
EndProject
Project("{FAE04EC0-301F-11D3-BF4B-00C04F79EFBC}") = "SI.CommandHandler.Base", "NetFramework\SI.CommandHandler.Base\SI.CommandHandler.Base.csproj", "{DDF9A38D-0B97-4E0B-919D-C73F4EE8EC71}"
EndProject
Project("{FAE04EC0-301F-11D3-BF4B-00C04F79EFBC}") = "SI.CommandHandler.Core", "NetFramework\SI.CommandHandler.Core\SI.CommandHandler.Core.csproj", "{FDF55860-EC99-4E22-9BEF-139CE4070145}"
EndProject
Project("{FAE04EC0-301F-11D3-BF4B-00C04F79EFBC}") = "SI.CommandHandler.Factory", "NetFramework\SI.CommandHandler.Factory\SI.CommandHandler.Factory.csproj", "{90EB3184-D168-43A2-9663-58334F4F108F}"
EndProject
Project("{FAE04EC0-301F-11D3-BF4B-00C04F79EFBC}") = "SI.Query.Core", "NetFramework\SI.Query.Core\SI.Query.Core.csproj", "{076741E2-4702-45F8-8CAF-71EC86C4F1EB}"
EndProject
Project("{FAE04EC0-301F-11D3-BF4B-00C04F79EFBC}") = "SI.QueryBus", "NetFramework\SI.QueryBus\SI.QueryBus.csproj", "{2C25BF28-565D-479F-B7D1-8566DCFD271A}"
EndProject
Project("{FAE04EC0-301F-11D3-BF4B-00C04F79EFBC}") = "SI.QueryBus.Core", "NetFramework\SI.QueryBus.Core\SI.QueryBus.Core.csproj", "{EF4AF97B-AE4B-4A1A-9E48-E02891882A44}"
EndProject
Project("{FAE04EC0-301F-11D3-BF4B-00C04F79EFBC}") = "SI.QueryHandler.Base", "NetFramework\SI.QueryHandler.Base\SI.QueryHandler.Base.csproj", "{AAEB4D4E-553A-4F7C-A91D-90507B15BFC3}"
EndProject
Project("{FAE04EC0-301F-11D3-BF4B-00C04F79EFBC}") = "SI.QueryHandler.Core", "NetFramework\SI.QueryHandler.Core\SI.QueryHandler.Core.csproj", "{0F8852BA-9BDF-4205-8F44-1BF9D8A4D39E}"
EndProject
Project("{FAE04EC0-301F-11D3-BF4B-00C04F79EFBC}") = "SI.QueryHandler.Factory", "NetFramework\SI.QueryHandler.Factory\SI.QueryHandler.Factory.csproj", "{8D4E2A6B-F2E9-4E0E-AF53-C9D89F0AC785}"
EndProject
Project("{2150E333-8FDC-42A3-9474-1A3956D46DE8}") = "NetCore", "NetCore", "{FEFB9670-0796-44C1-971D-9B2BE2CC82C9}"
EndProject
Project("{9A19103F-16F7-4668-BE54-9A1E7A4F7556}") = "SI.Command.Core.Std", "NetCore\SI.Command.Core.Std\SI.Command.Core.Std.csproj", "{FA0AB54A-843F-4168-87FB-A071FE6122C7}"
EndProject
Project("{9A19103F-16F7-4668-BE54-9A1E7A4F7556}") = "SI.CommandBus.Core.Std", "NetCore\SI.CommandBus.Core.Std\SI.CommandBus.Core.Std.csproj", "{C0C1D1EA-8DCA-4B6E-A607-5DFC2E21D3B9}"
EndProject
Project("{9A19103F-16F7-4668-BE54-9A1E7A4F7556}") = "SI.CommandBus.Std", "NetCore\SI.CommandBus.Std\SI.CommandBus.Std.csproj", "{B42F96FD-318C-474E-A1A6-1C762555538B}"
EndProject
Project("{9A19103F-16F7-4668-BE54-9A1E7A4F7556}") = "SI.CommandHandler.Base.Std", "Netcore\SI.CommandHandler.Base.Std\SI.CommandHandler.Base.Std.csproj", "{8C1DD06D-9844-4619-854B-8BAC6CE9CD14}"
EndProject
Project("{9A19103F-16F7-4668-BE54-9A1E7A4F7556}") = "SI.CommandHandler.Core.Std", "NetCore\SI.CommandHandler.Core.Std\SI.CommandHandler.Core.Std.csproj", "{603AD594-3C6E-4C2B-96BC-2A8DA15B15B2}"
EndProject
Project("{9A19103F-16F7-4668-BE54-9A1E7A4F7556}") = "SI.CommandHandler.Factory.Std", "NetCore\SI.CommandHandler.Factory.Std\SI.CommandHandler.Factory.Std.csproj", "{C4A06E5C-F357-46D3-92EB-D4BBD0F102F8}"
EndProject
Project("{9A19103F-16F7-4668-BE54-9A1E7A4F7556}") = "SI.Query.Core.Std", "NetCore\SI.Query.Core.Std\SI.Query.Core.Std.csproj", "{5E702DB8-1BB1-450B-A9DE-E93944965B9E}"
EndProject
Project("{9A19103F-16F7-4668-BE54-9A1E7A4F7556}") = "SI.QueryBus.Core.Std", "NetCore\SI.QueryBus.Core.Std\SI.QueryBus.Core.Std.csproj", "{F0F65880-2F88-45FD-BB12-F8A041A35B2F}"
EndProject
Project("{9A19103F-16F7-4668-BE54-9A1E7A4F7556}") = "SI.QueryBus.Std", "NetCore\SI.QueryBus.Std\SI.QueryBus.Std.csproj", "{75076018-F79B-4614-B332-AA24C1F30FF9}"
EndProject
Project("{9A19103F-16F7-4668-BE54-9A1E7A4F7556}") = "SI.QueryHandler.Base.Std", "NetCore\SI.QueryHandler.Base.Std\SI.QueryHandler.Base.Std.csproj", "{A644E9D4-3AE2-46E8-9A9A-1FDC37DB3677}"
EndProject
Project("{9A19103F-16F7-4668-BE54-9A1E7A4F7556}") = "SI.QueryHandler.Core.Std", "NetCore\SI.QueryHandler.Core.Std\SI.QueryHandler.Core.Std.csproj", "{42B5AFDB-A879-4B5B-A6AC-C14F68FA2A9F}"
EndProject
Project("{9A19103F-16F7-4668-BE54-9A1E7A4F7556}") = "SI.QueryHandler.Factory.Std", "NetCore\SI.QueryHandler.Factory.Std\SI.QueryHandler.Factory.Std.csproj", "{29B968B4-C9B3-4EB5-A3A0-8EB68A592DAB}"
EndProject
Project("{FAE04EC0-301F-11D3-BF4B-00C04F79EFBC}") = "SI.Logging", "NetFramework\SI.Logging\SI.Logging.csproj", "{B4E3AE75-2AC9-44D0-9F31-FB122DA94248}"
EndProject
Project("{FAE04EC0-301F-11D3-BF4B-00C04F79EFBC}") = "SI.Logging.Std", "NetCore\SI.Logging.Std\SI.Logging.Std.csproj", "{0460BF43-BD71-4B5B-A7D3-AA8A3AF51AF2}"
EndProject
Global
	GlobalSection(SolutionConfigurationPlatforms) = preSolution
		Debug|Any CPU = Debug|Any CPU
		Release|Any CPU = Release|Any CPU
	EndGlobalSection
	GlobalSection(ProjectConfigurationPlatforms) = postSolution
		{CD63CF39-40A9-493E-86A3-A07BA7F72373}.Debug|Any CPU.ActiveCfg = Debug|Any CPU
		{CD63CF39-40A9-493E-86A3-A07BA7F72373}.Debug|Any CPU.Build.0 = Debug|Any CPU
		{CD63CF39-40A9-493E-86A3-A07BA7F72373}.Release|Any CPU.ActiveCfg = Release|Any CPU
		{CD63CF39-40A9-493E-86A3-A07BA7F72373}.Release|Any CPU.Build.0 = Release|Any CPU
		{0914CDF6-A20E-48B6-9807-04A38D3D6CD1}.Debug|Any CPU.ActiveCfg = Debug|Any CPU
		{0914CDF6-A20E-48B6-9807-04A38D3D6CD1}.Debug|Any CPU.Build.0 = Debug|Any CPU
		{0914CDF6-A20E-48B6-9807-04A38D3D6CD1}.Release|Any CPU.ActiveCfg = Release|Any CPU
		{0914CDF6-A20E-48B6-9807-04A38D3D6CD1}.Release|Any CPU.Build.0 = Release|Any CPU
		{981B8737-B77F-4629-951C-B2ADDBC4FC22}.Debug|Any CPU.ActiveCfg = Debug|Any CPU
		{981B8737-B77F-4629-951C-B2ADDBC4FC22}.Debug|Any CPU.Build.0 = Debug|Any CPU
		{981B8737-B77F-4629-951C-B2ADDBC4FC22}.Release|Any CPU.ActiveCfg = Release|Any CPU
		{981B8737-B77F-4629-951C-B2ADDBC4FC22}.Release|Any CPU.Build.0 = Release|Any CPU
		{DDF9A38D-0B97-4E0B-919D-C73F4EE8EC71}.Debug|Any CPU.ActiveCfg = Debug|Any CPU
		{DDF9A38D-0B97-4E0B-919D-C73F4EE8EC71}.Debug|Any CPU.Build.0 = Debug|Any CPU
		{DDF9A38D-0B97-4E0B-919D-C73F4EE8EC71}.Release|Any CPU.ActiveCfg = Release|Any CPU
		{DDF9A38D-0B97-4E0B-919D-C73F4EE8EC71}.Release|Any CPU.Build.0 = Release|Any CPU
		{FDF55860-EC99-4E22-9BEF-139CE4070145}.Debug|Any CPU.ActiveCfg = Debug|Any CPU
		{FDF55860-EC99-4E22-9BEF-139CE4070145}.Debug|Any CPU.Build.0 = Debug|Any CPU
		{FDF55860-EC99-4E22-9BEF-139CE4070145}.Release|Any CPU.ActiveCfg = Release|Any CPU
		{FDF55860-EC99-4E22-9BEF-139CE4070145}.Release|Any CPU.Build.0 = Release|Any CPU
		{90EB3184-D168-43A2-9663-58334F4F108F}.Debug|Any CPU.ActiveCfg = Debug|Any CPU
		{90EB3184-D168-43A2-9663-58334F4F108F}.Debug|Any CPU.Build.0 = Debug|Any CPU
		{90EB3184-D168-43A2-9663-58334F4F108F}.Release|Any CPU.ActiveCfg = Release|Any CPU
		{90EB3184-D168-43A2-9663-58334F4F108F}.Release|Any CPU.Build.0 = Release|Any CPU
		{076741E2-4702-45F8-8CAF-71EC86C4F1EB}.Debug|Any CPU.ActiveCfg = Debug|Any CPU
		{076741E2-4702-45F8-8CAF-71EC86C4F1EB}.Debug|Any CPU.Build.0 = Debug|Any CPU
		{076741E2-4702-45F8-8CAF-71EC86C4F1EB}.Release|Any CPU.ActiveCfg = Release|Any CPU
		{076741E2-4702-45F8-8CAF-71EC86C4F1EB}.Release|Any CPU.Build.0 = Release|Any CPU
		{2C25BF28-565D-479F-B7D1-8566DCFD271A}.Debug|Any CPU.ActiveCfg = Debug|Any CPU
		{2C25BF28-565D-479F-B7D1-8566DCFD271A}.Debug|Any CPU.Build.0 = Debug|Any CPU
		{2C25BF28-565D-479F-B7D1-8566DCFD271A}.Release|Any CPU.ActiveCfg = Release|Any CPU
		{2C25BF28-565D-479F-B7D1-8566DCFD271A}.Release|Any CPU.Build.0 = Release|Any CPU
		{EF4AF97B-AE4B-4A1A-9E48-E02891882A44}.Debug|Any CPU.ActiveCfg = Debug|Any CPU
		{EF4AF97B-AE4B-4A1A-9E48-E02891882A44}.Debug|Any CPU.Build.0 = Debug|Any CPU
		{EF4AF97B-AE4B-4A1A-9E48-E02891882A44}.Release|Any CPU.ActiveCfg = Release|Any CPU
		{EF4AF97B-AE4B-4A1A-9E48-E02891882A44}.Release|Any CPU.Build.0 = Release|Any CPU
		{AAEB4D4E-553A-4F7C-A91D-90507B15BFC3}.Debug|Any CPU.ActiveCfg = Debug|Any CPU
		{AAEB4D4E-553A-4F7C-A91D-90507B15BFC3}.Debug|Any CPU.Build.0 = Debug|Any CPU
		{AAEB4D4E-553A-4F7C-A91D-90507B15BFC3}.Release|Any CPU.ActiveCfg = Release|Any CPU
		{AAEB4D4E-553A-4F7C-A91D-90507B15BFC3}.Release|Any CPU.Build.0 = Release|Any CPU
		{0F8852BA-9BDF-4205-8F44-1BF9D8A4D39E}.Debug|Any CPU.ActiveCfg = Debug|Any CPU
		{0F8852BA-9BDF-4205-8F44-1BF9D8A4D39E}.Debug|Any CPU.Build.0 = Debug|Any CPU
		{0F8852BA-9BDF-4205-8F44-1BF9D8A4D39E}.Release|Any CPU.ActiveCfg = Release|Any CPU
		{0F8852BA-9BDF-4205-8F44-1BF9D8A4D39E}.Release|Any CPU.Build.0 = Release|Any CPU
		{8D4E2A6B-F2E9-4E0E-AF53-C9D89F0AC785}.Debug|Any CPU.ActiveCfg = Debug|Any CPU
		{8D4E2A6B-F2E9-4E0E-AF53-C9D89F0AC785}.Debug|Any CPU.Build.0 = Debug|Any CPU
		{8D4E2A6B-F2E9-4E0E-AF53-C9D89F0AC785}.Release|Any CPU.ActiveCfg = Release|Any CPU
		{8D4E2A6B-F2E9-4E0E-AF53-C9D89F0AC785}.Release|Any CPU.Build.0 = Release|Any CPU
		{FA0AB54A-843F-4168-87FB-A071FE6122C7}.Debug|Any CPU.ActiveCfg = Debug|Any CPU
		{FA0AB54A-843F-4168-87FB-A071FE6122C7}.Debug|Any CPU.Build.0 = Debug|Any CPU
		{FA0AB54A-843F-4168-87FB-A071FE6122C7}.Release|Any CPU.ActiveCfg = Release|Any CPU
		{FA0AB54A-843F-4168-87FB-A071FE6122C7}.Release|Any CPU.Build.0 = Release|Any CPU
		{C0C1D1EA-8DCA-4B6E-A607-5DFC2E21D3B9}.Debug|Any CPU.ActiveCfg = Debug|Any CPU
		{C0C1D1EA-8DCA-4B6E-A607-5DFC2E21D3B9}.Debug|Any CPU.Build.0 = Debug|Any CPU
		{C0C1D1EA-8DCA-4B6E-A607-5DFC2E21D3B9}.Release|Any CPU.ActiveCfg = Release|Any CPU
		{C0C1D1EA-8DCA-4B6E-A607-5DFC2E21D3B9}.Release|Any CPU.Build.0 = Release|Any CPU
		{B42F96FD-318C-474E-A1A6-1C762555538B}.Debug|Any CPU.ActiveCfg = Debug|Any CPU
		{B42F96FD-318C-474E-A1A6-1C762555538B}.Debug|Any CPU.Build.0 = Debug|Any CPU
		{B42F96FD-318C-474E-A1A6-1C762555538B}.Release|Any CPU.ActiveCfg = Release|Any CPU
		{B42F96FD-318C-474E-A1A6-1C762555538B}.Release|Any CPU.Build.0 = Release|Any CPU
		{8C1DD06D-9844-4619-854B-8BAC6CE9CD14}.Debug|Any CPU.ActiveCfg = Debug|Any CPU
		{8C1DD06D-9844-4619-854B-8BAC6CE9CD14}.Debug|Any CPU.Build.0 = Debug|Any CPU
		{8C1DD06D-9844-4619-854B-8BAC6CE9CD14}.Release|Any CPU.ActiveCfg = Release|Any CPU
		{8C1DD06D-9844-4619-854B-8BAC6CE9CD14}.Release|Any CPU.Build.0 = Release|Any CPU
		{603AD594-3C6E-4C2B-96BC-2A8DA15B15B2}.Debug|Any CPU.ActiveCfg = Debug|Any CPU
		{603AD594-3C6E-4C2B-96BC-2A8DA15B15B2}.Debug|Any CPU.Build.0 = Debug|Any CPU
		{603AD594-3C6E-4C2B-96BC-2A8DA15B15B2}.Release|Any CPU.ActiveCfg = Release|Any CPU
		{603AD594-3C6E-4C2B-96BC-2A8DA15B15B2}.Release|Any CPU.Build.0 = Release|Any CPU
		{C4A06E5C-F357-46D3-92EB-D4BBD0F102F8}.Debug|Any CPU.ActiveCfg = Debug|Any CPU
		{C4A06E5C-F357-46D3-92EB-D4BBD0F102F8}.Debug|Any CPU.Build.0 = Debug|Any CPU
		{C4A06E5C-F357-46D3-92EB-D4BBD0F102F8}.Release|Any CPU.ActiveCfg = Release|Any CPU
		{C4A06E5C-F357-46D3-92EB-D4BBD0F102F8}.Release|Any CPU.Build.0 = Release|Any CPU
		{5E702DB8-1BB1-450B-A9DE-E93944965B9E}.Debug|Any CPU.ActiveCfg = Debug|Any CPU
		{5E702DB8-1BB1-450B-A9DE-E93944965B9E}.Debug|Any CPU.Build.0 = Debug|Any CPU
		{5E702DB8-1BB1-450B-A9DE-E93944965B9E}.Release|Any CPU.ActiveCfg = Release|Any CPU
		{5E702DB8-1BB1-450B-A9DE-E93944965B9E}.Release|Any CPU.Build.0 = Release|Any CPU
		{F0F65880-2F88-45FD-BB12-F8A041A35B2F}.Debug|Any CPU.ActiveCfg = Debug|Any CPU
		{F0F65880-2F88-45FD-BB12-F8A041A35B2F}.Debug|Any CPU.Build.0 = Debug|Any CPU
		{F0F65880-2F88-45FD-BB12-F8A041A35B2F}.Release|Any CPU.ActiveCfg = Release|Any CPU
		{F0F65880-2F88-45FD-BB12-F8A041A35B2F}.Release|Any CPU.Build.0 = Release|Any CPU
		{75076018-F79B-4614-B332-AA24C1F30FF9}.Debug|Any CPU.ActiveCfg = Debug|Any CPU
		{75076018-F79B-4614-B332-AA24C1F30FF9}.Debug|Any CPU.Build.0 = Debug|Any CPU
		{75076018-F79B-4614-B332-AA24C1F30FF9}.Release|Any CPU.ActiveCfg = Release|Any CPU
		{75076018-F79B-4614-B332-AA24C1F30FF9}.Release|Any CPU.Build.0 = Release|Any CPU
		{A644E9D4-3AE2-46E8-9A9A-1FDC37DB3677}.Debug|Any CPU.ActiveCfg = Debug|Any CPU
		{A644E9D4-3AE2-46E8-9A9A-1FDC37DB3677}.Debug|Any CPU.Build.0 = Debug|Any CPU
		{A644E9D4-3AE2-46E8-9A9A-1FDC37DB3677}.Release|Any CPU.ActiveCfg = Release|Any CPU
		{A644E9D4-3AE2-46E8-9A9A-1FDC37DB3677}.Release|Any CPU.Build.0 = Release|Any CPU
		{42B5AFDB-A879-4B5B-A6AC-C14F68FA2A9F}.Debug|Any CPU.ActiveCfg = Debug|Any CPU
		{42B5AFDB-A879-4B5B-A6AC-C14F68FA2A9F}.Debug|Any CPU.Build.0 = Debug|Any CPU
		{42B5AFDB-A879-4B5B-A6AC-C14F68FA2A9F}.Release|Any CPU.ActiveCfg = Release|Any CPU
		{42B5AFDB-A879-4B5B-A6AC-C14F68FA2A9F}.Release|Any CPU.Build.0 = Release|Any CPU
		{29B968B4-C9B3-4EB5-A3A0-8EB68A592DAB}.Debug|Any CPU.ActiveCfg = Debug|Any CPU
		{29B968B4-C9B3-4EB5-A3A0-8EB68A592DAB}.Debug|Any CPU.Build.0 = Debug|Any CPU
		{29B968B4-C9B3-4EB5-A3A0-8EB68A592DAB}.Release|Any CPU.ActiveCfg = Release|Any CPU
		{29B968B4-C9B3-4EB5-A3A0-8EB68A592DAB}.Release|Any CPU.Build.0 = Release|Any CPU
		{B4E3AE75-2AC9-44D0-9F31-FB122DA94248}.Debug|Any CPU.ActiveCfg = Debug|Any CPU
		{B4E3AE75-2AC9-44D0-9F31-FB122DA94248}.Debug|Any CPU.Build.0 = Debug|Any CPU
		{B4E3AE75-2AC9-44D0-9F31-FB122DA94248}.Release|Any CPU.ActiveCfg = Release|Any CPU
		{B4E3AE75-2AC9-44D0-9F31-FB122DA94248}.Release|Any CPU.Build.0 = Release|Any CPU
		{0460BF43-BD71-4B5B-A7D3-AA8A3AF51AF2}.Debug|Any CPU.ActiveCfg = Debug|Any CPU
		{0460BF43-BD71-4B5B-A7D3-AA8A3AF51AF2}.Debug|Any CPU.Build.0 = Debug|Any CPU
		{0460BF43-BD71-4B5B-A7D3-AA8A3AF51AF2}.Release|Any CPU.ActiveCfg = Release|Any CPU
		{0460BF43-BD71-4B5B-A7D3-AA8A3AF51AF2}.Release|Any CPU.Build.0 = Release|Any CPU
	EndGlobalSection
	GlobalSection(SolutionProperties) = preSolution
		HideSolutionNode = FALSE
	EndGlobalSection
	GlobalSection(NestedProjects) = preSolution
		{CD63CF39-40A9-493E-86A3-A07BA7F72373} = {C79D40BF-7E37-453A-8828-02ABA73155EF}
		{0914CDF6-A20E-48B6-9807-04A38D3D6CD1} = {C79D40BF-7E37-453A-8828-02ABA73155EF}
		{981B8737-B77F-4629-951C-B2ADDBC4FC22} = {C79D40BF-7E37-453A-8828-02ABA73155EF}
		{DDF9A38D-0B97-4E0B-919D-C73F4EE8EC71} = {C79D40BF-7E37-453A-8828-02ABA73155EF}
		{FDF55860-EC99-4E22-9BEF-139CE4070145} = {C79D40BF-7E37-453A-8828-02ABA73155EF}
		{90EB3184-D168-43A2-9663-58334F4F108F} = {C79D40BF-7E37-453A-8828-02ABA73155EF}
		{076741E2-4702-45F8-8CAF-71EC86C4F1EB} = {C79D40BF-7E37-453A-8828-02ABA73155EF}
		{2C25BF28-565D-479F-B7D1-8566DCFD271A} = {C79D40BF-7E37-453A-8828-02ABA73155EF}
		{EF4AF97B-AE4B-4A1A-9E48-E02891882A44} = {C79D40BF-7E37-453A-8828-02ABA73155EF}
		{AAEB4D4E-553A-4F7C-A91D-90507B15BFC3} = {C79D40BF-7E37-453A-8828-02ABA73155EF}
		{0F8852BA-9BDF-4205-8F44-1BF9D8A4D39E} = {C79D40BF-7E37-453A-8828-02ABA73155EF}
		{8D4E2A6B-F2E9-4E0E-AF53-C9D89F0AC785} = {C79D40BF-7E37-453A-8828-02ABA73155EF}
		{FA0AB54A-843F-4168-87FB-A071FE6122C7} = {FEFB9670-0796-44C1-971D-9B2BE2CC82C9}
		{C0C1D1EA-8DCA-4B6E-A607-5DFC2E21D3B9} = {FEFB9670-0796-44C1-971D-9B2BE2CC82C9}
		{B42F96FD-318C-474E-A1A6-1C762555538B} = {FEFB9670-0796-44C1-971D-9B2BE2CC82C9}
		{8C1DD06D-9844-4619-854B-8BAC6CE9CD14} = {FEFB9670-0796-44C1-971D-9B2BE2CC82C9}
		{603AD594-3C6E-4C2B-96BC-2A8DA15B15B2} = {FEFB9670-0796-44C1-971D-9B2BE2CC82C9}
		{C4A06E5C-F357-46D3-92EB-D4BBD0F102F8} = {FEFB9670-0796-44C1-971D-9B2BE2CC82C9}
		{5E702DB8-1BB1-450B-A9DE-E93944965B9E} = {FEFB9670-0796-44C1-971D-9B2BE2CC82C9}
		{F0F65880-2F88-45FD-BB12-F8A041A35B2F} = {FEFB9670-0796-44C1-971D-9B2BE2CC82C9}
		{75076018-F79B-4614-B332-AA24C1F30FF9} = {FEFB9670-0796-44C1-971D-9B2BE2CC82C9}
		{A644E9D4-3AE2-46E8-9A9A-1FDC37DB3677} = {FEFB9670-0796-44C1-971D-9B2BE2CC82C9}
		{42B5AFDB-A879-4B5B-A6AC-C14F68FA2A9F} = {FEFB9670-0796-44C1-971D-9B2BE2CC82C9}
		{29B968B4-C9B3-4EB5-A3A0-8EB68A592DAB} = {FEFB9670-0796-44C1-971D-9B2BE2CC82C9}
		{B4E3AE75-2AC9-44D0-9F31-FB122DA94248} = {C79D40BF-7E37-453A-8828-02ABA73155EF}
		{0460BF43-BD71-4B5B-A7D3-AA8A3AF51AF2} = {FEFB9670-0796-44C1-971D-9B2BE2CC82C9}
	EndGlobalSection
	GlobalSection(ExtensibilityGlobals) = postSolution
		SolutionGuid = {AB44965E-B9F2-4DB9-8FBA-664269222E8A}
	EndGlobalSection
EndGlobal
