
Microsoft Visual Studio Solution File, Format Version 12.00
# Visual Studio Version 16
VisualStudioVersion = 16.0.30413.136
MinimumVisualStudioVersion = 10.0.40219.1
Project("{FAE04EC0-301F-11D3-BF4B-00C04F79EFBC}") = "SI.CommandBus", "SI.CommandBus\SI.CommandBus.csproj", "{9C4B3B7B-87F0-421D-AD0F-7308DC85B68E}"
EndProject
Project("{FAE04EC0-301F-11D3-BF4B-00C04F79EFBC}") = "SI.CommandBus.Core", "SI.CommandBus.Core\SI.CommandBus.Core.csproj", "{89730DA9-6E71-498D-AF0A-B189FF690B42}"
EndProject
Project("{FAE04EC0-301F-11D3-BF4B-00C04F79EFBC}") = "SI.Command.Core", "SI.Command.Core\SI.Command.Core.csproj", "{13B068D2-EF70-4547-A37D-127A8CD4FC84}"
EndProject
Project("{FAE04EC0-301F-11D3-BF4B-00C04F79EFBC}") = "SI.CommandHandler.Base", "SI.CommandHandler.Base\SI.CommandHandler.Base.csproj", "{AD3773C5-89B5-45CB-BA67-8D7512FBE4E0}"
EndProject
Project("{FAE04EC0-301F-11D3-BF4B-00C04F79EFBC}") = "SI.CommandHandler.Core", "SI.CommandHandler.Core\SI.CommandHandler.Core.csproj", "{DFDEDDAF-5B90-44FC-9336-F42595EB1D9B}"
EndProject
Project("{FAE04EC0-301F-11D3-BF4B-00C04F79EFBC}") = "SI.CommandHandler.Factory", "SI.CommandHandler.Factory\SI.CommandHandler.Factory.csproj", "{CB57FC73-EBD4-4F45-A750-C65FA1739B1E}"
EndProject
Project("{FAE04EC0-301F-11D3-BF4B-00C04F79EFBC}") = "SI.QueryBus", "SI.QueryBus\SI.QueryBus.csproj", "{AEA666F8-E6B9-47FA-ACF1-8316AC3F44B4}"
EndProject
Project("{FAE04EC0-301F-11D3-BF4B-00C04F79EFBC}") = "SI.QueryBus.Core", "SI.QueryBus.Core\SI.QueryBus.Core.csproj", "{6DB37924-49C4-44AB-8C3D-2A45DEFD1009}"
EndProject
Project("{FAE04EC0-301F-11D3-BF4B-00C04F79EFBC}") = "SI.Query.Core", "SI.Query.Core\SI.Query.Core.csproj", "{AE5A1003-7BA3-4DE9-91B1-A90323E1B3D4}"
EndProject
Project("{FAE04EC0-301F-11D3-BF4B-00C04F79EFBC}") = "SI.QueryHandler.Base", "SI.QueryHandler.Base\SI.QueryHandler.Base.csproj", "{071A4CC1-CCCE-447A-AF75-207E745D8C7A}"
EndProject
Project("{FAE04EC0-301F-11D3-BF4B-00C04F79EFBC}") = "SI.QueryHandler.Core", "SI.QueryHandler.Core\SI.QueryHandler.Core.csproj", "{282C274A-5C42-455B-BDB3-747C62795676}"
EndProject
Project("{FAE04EC0-301F-11D3-BF4B-00C04F79EFBC}") = "SI.QueryHandler.Factory", "SI.QueryHandler.Factory\SI.QueryHandler.Factory.csproj", "{B71E5925-567A-429E-BF88-CE9DF47430CF}"
EndProject
Global
	GlobalSection(SolutionConfigurationPlatforms) = preSolution
		Debug|Any CPU = Debug|Any CPU
		Release|Any CPU = Release|Any CPU
	EndGlobalSection
	GlobalSection(ProjectConfigurationPlatforms) = postSolution
		{9C4B3B7B-87F0-421D-AD0F-7308DC85B68E}.Debug|Any CPU.ActiveCfg = Debug|Any CPU
		{9C4B3B7B-87F0-421D-AD0F-7308DC85B68E}.Debug|Any CPU.Build.0 = Debug|Any CPU
		{9C4B3B7B-87F0-421D-AD0F-7308DC85B68E}.Release|Any CPU.ActiveCfg = Release|Any CPU
		{9C4B3B7B-87F0-421D-AD0F-7308DC85B68E}.Release|Any CPU.Build.0 = Release|Any CPU
		{89730DA9-6E71-498D-AF0A-B189FF690B42}.Debug|Any CPU.ActiveCfg = Debug|Any CPU
		{89730DA9-6E71-498D-AF0A-B189FF690B42}.Debug|Any CPU.Build.0 = Debug|Any CPU
		{89730DA9-6E71-498D-AF0A-B189FF690B42}.Release|Any CPU.ActiveCfg = Release|Any CPU
		{89730DA9-6E71-498D-AF0A-B189FF690B42}.Release|Any CPU.Build.0 = Release|Any CPU
		{13B068D2-EF70-4547-A37D-127A8CD4FC84}.Debug|Any CPU.ActiveCfg = Debug|Any CPU
		{13B068D2-EF70-4547-A37D-127A8CD4FC84}.Debug|Any CPU.Build.0 = Debug|Any CPU
		{13B068D2-EF70-4547-A37D-127A8CD4FC84}.Release|Any CPU.ActiveCfg = Release|Any CPU
		{13B068D2-EF70-4547-A37D-127A8CD4FC84}.Release|Any CPU.Build.0 = Release|Any CPU
		{AD3773C5-89B5-45CB-BA67-8D7512FBE4E0}.Debug|Any CPU.ActiveCfg = Debug|Any CPU
		{AD3773C5-89B5-45CB-BA67-8D7512FBE4E0}.Debug|Any CPU.Build.0 = Debug|Any CPU
		{AD3773C5-89B5-45CB-BA67-8D7512FBE4E0}.Release|Any CPU.ActiveCfg = Release|Any CPU
		{AD3773C5-89B5-45CB-BA67-8D7512FBE4E0}.Release|Any CPU.Build.0 = Release|Any CPU
		{DFDEDDAF-5B90-44FC-9336-F42595EB1D9B}.Debug|Any CPU.ActiveCfg = Debug|Any CPU
		{DFDEDDAF-5B90-44FC-9336-F42595EB1D9B}.Debug|Any CPU.Build.0 = Debug|Any CPU
		{DFDEDDAF-5B90-44FC-9336-F42595EB1D9B}.Release|Any CPU.ActiveCfg = Release|Any CPU
		{DFDEDDAF-5B90-44FC-9336-F42595EB1D9B}.Release|Any CPU.Build.0 = Release|Any CPU
		{CB57FC73-EBD4-4F45-A750-C65FA1739B1E}.Debug|Any CPU.ActiveCfg = Debug|Any CPU
		{CB57FC73-EBD4-4F45-A750-C65FA1739B1E}.Debug|Any CPU.Build.0 = Debug|Any CPU
		{CB57FC73-EBD4-4F45-A750-C65FA1739B1E}.Release|Any CPU.ActiveCfg = Release|Any CPU
		{CB57FC73-EBD4-4F45-A750-C65FA1739B1E}.Release|Any CPU.Build.0 = Release|Any CPU
		{AEA666F8-E6B9-47FA-ACF1-8316AC3F44B4}.Debug|Any CPU.ActiveCfg = Debug|Any CPU
		{AEA666F8-E6B9-47FA-ACF1-8316AC3F44B4}.Debug|Any CPU.Build.0 = Debug|Any CPU
		{AEA666F8-E6B9-47FA-ACF1-8316AC3F44B4}.Release|Any CPU.ActiveCfg = Release|Any CPU
		{AEA666F8-E6B9-47FA-ACF1-8316AC3F44B4}.Release|Any CPU.Build.0 = Release|Any CPU
		{6DB37924-49C4-44AB-8C3D-2A45DEFD1009}.Debug|Any CPU.ActiveCfg = Debug|Any CPU
		{6DB37924-49C4-44AB-8C3D-2A45DEFD1009}.Debug|Any CPU.Build.0 = Debug|Any CPU
		{6DB37924-49C4-44AB-8C3D-2A45DEFD1009}.Release|Any CPU.ActiveCfg = Release|Any CPU
		{6DB37924-49C4-44AB-8C3D-2A45DEFD1009}.Release|Any CPU.Build.0 = Release|Any CPU
		{AE5A1003-7BA3-4DE9-91B1-A90323E1B3D4}.Debug|Any CPU.ActiveCfg = Debug|Any CPU
		{AE5A1003-7BA3-4DE9-91B1-A90323E1B3D4}.Debug|Any CPU.Build.0 = Debug|Any CPU
		{AE5A1003-7BA3-4DE9-91B1-A90323E1B3D4}.Release|Any CPU.ActiveCfg = Release|Any CPU
		{AE5A1003-7BA3-4DE9-91B1-A90323E1B3D4}.Release|Any CPU.Build.0 = Release|Any CPU
		{071A4CC1-CCCE-447A-AF75-207E745D8C7A}.Debug|Any CPU.ActiveCfg = Debug|Any CPU
		{071A4CC1-CCCE-447A-AF75-207E745D8C7A}.Debug|Any CPU.Build.0 = Debug|Any CPU
		{071A4CC1-CCCE-447A-AF75-207E745D8C7A}.Release|Any CPU.ActiveCfg = Release|Any CPU
		{071A4CC1-CCCE-447A-AF75-207E745D8C7A}.Release|Any CPU.Build.0 = Release|Any CPU
		{282C274A-5C42-455B-BDB3-747C62795676}.Debug|Any CPU.ActiveCfg = Debug|Any CPU
		{282C274A-5C42-455B-BDB3-747C62795676}.Debug|Any CPU.Build.0 = Debug|Any CPU
		{282C274A-5C42-455B-BDB3-747C62795676}.Release|Any CPU.ActiveCfg = Release|Any CPU
		{282C274A-5C42-455B-BDB3-747C62795676}.Release|Any CPU.Build.0 = Release|Any CPU
		{B71E5925-567A-429E-BF88-CE9DF47430CF}.Debug|Any CPU.ActiveCfg = Debug|Any CPU
		{B71E5925-567A-429E-BF88-CE9DF47430CF}.Debug|Any CPU.Build.0 = Debug|Any CPU
		{B71E5925-567A-429E-BF88-CE9DF47430CF}.Release|Any CPU.ActiveCfg = Release|Any CPU
		{B71E5925-567A-429E-BF88-CE9DF47430CF}.Release|Any CPU.Build.0 = Release|Any CPU
	EndGlobalSection
	GlobalSection(SolutionProperties) = preSolution
		HideSolutionNode = FALSE
	EndGlobalSection
	GlobalSection(ExtensibilityGlobals) = postSolution
		SolutionGuid = {AB44965E-B9F2-4DB9-8FBA-664269222E8A}
	EndGlobalSection
EndGlobal
